
Microsoft Visual Studio Solution File, Format Version 12.00
# Visual Studio Version 17
VisualStudioVersion = 17.9.34622.214
MinimumVisualStudioVersion = 10.0.40219.1
Project("{FAE04EC0-301F-11D3-BF4B-00C04F79EFBC}") = "PilasColas", "PilasColas\PilasColas.csproj", "{7208FB27-2E12-476F-8D09-BF9FA9895AE8}"
EndProject
Project("{FAE04EC0-301F-11D3-BF4B-00C04F79EFBC}") = "Arreglos", "Arreglos\Arreglos.csproj", "{D79F4839-0CC9-442F-9933-6EC2C64BEE6D}"
EndProject
Project("{FAE04EC0-301F-11D3-BF4B-00C04F79EFBC}") = "Listas", "Listas\Listas.csproj", "{C11CECDA-08DA-4316-B12D-0ABA51C7BB9F}"
EndProject
Global
	GlobalSection(SolutionConfigurationPlatforms) = preSolution
		Debug|Any CPU = Debug|Any CPU
		Release|Any CPU = Release|Any CPU
	EndGlobalSection
	GlobalSection(ProjectConfigurationPlatforms) = postSolution
		{7208FB27-2E12-476F-8D09-BF9FA9895AE8}.Debug|Any CPU.ActiveCfg = Debug|Any CPU
		{7208FB27-2E12-476F-8D09-BF9FA9895AE8}.Debug|Any CPU.Build.0 = Debug|Any CPU
		{7208FB27-2E12-476F-8D09-BF9FA9895AE8}.Release|Any CPU.ActiveCfg = Release|Any CPU
		{7208FB27-2E12-476F-8D09-BF9FA9895AE8}.Release|Any CPU.Build.0 = Release|Any CPU
		{D79F4839-0CC9-442F-9933-6EC2C64BEE6D}.Debug|Any CPU.ActiveCfg = Debug|Any CPU
		{D79F4839-0CC9-442F-9933-6EC2C64BEE6D}.Debug|Any CPU.Build.0 = Debug|Any CPU
		{D79F4839-0CC9-442F-9933-6EC2C64BEE6D}.Release|Any CPU.ActiveCfg = Release|Any CPU
		{D79F4839-0CC9-442F-9933-6EC2C64BEE6D}.Release|Any CPU.Build.0 = Release|Any CPU
		{C11CECDA-08DA-4316-B12D-0ABA51C7BB9F}.Debug|Any CPU.ActiveCfg = Debug|Any CPU
		{C11CECDA-08DA-4316-B12D-0ABA51C7BB9F}.Debug|Any CPU.Build.0 = Debug|Any CPU
		{C11CECDA-08DA-4316-B12D-0ABA51C7BB9F}.Release|Any CPU.ActiveCfg = Release|Any CPU
		{C11CECDA-08DA-4316-B12D-0ABA51C7BB9F}.Release|Any CPU.Build.0 = Release|Any CPU
	EndGlobalSection
	GlobalSection(SolutionProperties) = preSolution
		HideSolutionNode = FALSE
	EndGlobalSection
	GlobalSection(ExtensibilityGlobals) = postSolution
		SolutionGuid = {BD60EC28-6B43-4EB1-B818-1EA536104D60}
	EndGlobalSection
EndGlobal
